
Microsoft Visual Studio Solution File, Format Version 12.00
# Visual Studio Version 17
VisualStudioVersion = 17.0.31903.59
MinimumVisualStudioVersion = 10.0.40219.1
Project("{FAE04EC0-301F-11D3-BF4B-00C04F79EFBC}") = "PlayerManager1", "PlayerManager1\PlayerManager1.csproj", "{DB595572-FD33-4CE5-BDD9-9DC6779B71E4}"
EndProject
Project("{FAE04EC0-301F-11D3-BF4B-00C04F79EFBC}") = "PlayerManager2", "PlayerManager2\PlayerManager2.csproj", "{7D2207D8-AD4E-48B7-AABF-12449373FFC7}"
EndProject
Project("{FAE04EC0-301F-11D3-BF4B-00C04F79EFBC}") = "PlayerManager3", "PlayerManager3\PlayerManager3.csproj", "{5204C126-6005-4397-92FC-D90BDA6FC420}"
EndProject
Project("{FAE04EC0-301F-11D3-BF4B-00C04F79EFBC}") = "PlayerManager4", "PlayerManager4\PlayerManager4.csproj", "{104069E0-FB95-4586-86C0-756E3977B675}"
EndProject
Global
	GlobalSection(SolutionConfigurationPlatforms) = preSolution
		Debug|Any CPU = Debug|Any CPU
		Release|Any CPU = Release|Any CPU
	EndGlobalSection
	GlobalSection(SolutionProperties) = preSolution
		HideSolutionNode = FALSE
	EndGlobalSection
	GlobalSection(ProjectConfigurationPlatforms) = postSolution
		{DB595572-FD33-4CE5-BDD9-9DC6779B71E4}.Debug|Any CPU.ActiveCfg = Debug|Any CPU
		{DB595572-FD33-4CE5-BDD9-9DC6779B71E4}.Debug|Any CPU.Build.0 = Debug|Any CPU
		{DB595572-FD33-4CE5-BDD9-9DC6779B71E4}.Release|Any CPU.ActiveCfg = Release|Any CPU
		{DB595572-FD33-4CE5-BDD9-9DC6779B71E4}.Release|Any CPU.Build.0 = Release|Any CPU
		{7D2207D8-AD4E-48B7-AABF-12449373FFC7}.Debug|Any CPU.ActiveCfg = Debug|Any CPU
		{7D2207D8-AD4E-48B7-AABF-12449373FFC7}.Debug|Any CPU.Build.0 = Debug|Any CPU
		{7D2207D8-AD4E-48B7-AABF-12449373FFC7}.Release|Any CPU.ActiveCfg = Release|Any CPU
		{7D2207D8-AD4E-48B7-AABF-12449373FFC7}.Release|Any CPU.Build.0 = Release|Any CPU
		{5204C126-6005-4397-92FC-D90BDA6FC420}.Debug|Any CPU.ActiveCfg = Debug|Any CPU
		{5204C126-6005-4397-92FC-D90BDA6FC420}.Debug|Any CPU.Build.0 = Debug|Any CPU
		{5204C126-6005-4397-92FC-D90BDA6FC420}.Release|Any CPU.ActiveCfg = Release|Any CPU
		{5204C126-6005-4397-92FC-D90BDA6FC420}.Release|Any CPU.Build.0 = Release|Any CPU
		{104069E0-FB95-4586-86C0-756E3977B675}.Debug|Any CPU.ActiveCfg = Debug|Any CPU
		{104069E0-FB95-4586-86C0-756E3977B675}.Debug|Any CPU.Build.0 = Debug|Any CPU
		{104069E0-FB95-4586-86C0-756E3977B675}.Release|Any CPU.ActiveCfg = Release|Any CPU
		{104069E0-FB95-4586-86C0-756E3977B675}.Release|Any CPU.Build.0 = Release|Any CPU
	EndGlobalSection
EndGlobal
